
Microsoft Visual Studio Solution File, Format Version 12.00
# Visual Studio Version 16
VisualStudioVersion = 16.0.30413.136
MinimumVisualStudioVersion = 10.0.40219.1
Project("{FAE04EC0-301F-11D3-BF4B-00C04F79EFBC}") = "TijdFunction1", "TijdFunction1\TijdFunction1.csproj", "{CDA2C388-C5E1-47E4-855F-1F5E717679DE}"
EndProject
Global
	GlobalSection(SolutionConfigurationPlatforms) = preSolution
		Debug|Any CPU = Debug|Any CPU
		Release|Any CPU = Release|Any CPU
	EndGlobalSection
	GlobalSection(ProjectConfigurationPlatforms) = postSolution
		{CDA2C388-C5E1-47E4-855F-1F5E717679DE}.Debug|Any CPU.ActiveCfg = Debug|Any CPU
		{CDA2C388-C5E1-47E4-855F-1F5E717679DE}.Debug|Any CPU.Build.0 = Debug|Any CPU
		{CDA2C388-C5E1-47E4-855F-1F5E717679DE}.Release|Any CPU.ActiveCfg = Release|Any CPU
		{CDA2C388-C5E1-47E4-855F-1F5E717679DE}.Release|Any CPU.Build.0 = Release|Any CPU
	EndGlobalSection
	GlobalSection(SolutionProperties) = preSolution
		HideSolutionNode = FALSE
	EndGlobalSection
	GlobalSection(ExtensibilityGlobals) = postSolution
		SolutionGuid = {897CA66F-5D3B-4010-9621-F3757F9952AD}
	EndGlobalSection
EndGlobal
